
Microsoft Visual Studio Solution File, Format Version 12.00
# Visual Studio Version 17
VisualStudioVersion = 17.14.36414.22 d17.14
MinimumVisualStudioVersion = 10.0.40219.1
Project("{FAE04EC0-301F-11D3-BF4B-00C04F79EFBC}") = "Lab1", "Lab1\Lab1.csproj", "{11B0A150-10FE-409D-911E-7AF899D1D777}"
EndProject
Global
	GlobalSection(SolutionConfigurationPlatforms) = preSolution
		Debug|Any CPU = Debug|Any CPU
		Release|Any CPU = Release|Any CPU
	EndGlobalSection
	GlobalSection(ProjectConfigurationPlatforms) = postSolution
		{11B0A150-10FE-409D-911E-7AF899D1D777}.Debug|Any CPU.ActiveCfg = Debug|Any CPU
		{11B0A150-10FE-409D-911E-7AF899D1D777}.Debug|Any CPU.Build.0 = Debug|Any CPU
		{11B0A150-10FE-409D-911E-7AF899D1D777}.Release|Any CPU.ActiveCfg = Release|Any CPU
		{11B0A150-10FE-409D-911E-7AF899D1D777}.Release|Any CPU.Build.0 = Release|Any CPU
	EndGlobalSection
	GlobalSection(SolutionProperties) = preSolution
		HideSolutionNode = FALSE
	EndGlobalSection
	GlobalSection(ExtensibilityGlobals) = postSolution
		SolutionGuid = {841545C2-5D0A-45E1-9D6D-9C8AAFC9B160}
	EndGlobalSection
EndGlobal
